# This file is automatically @generated by Cargo.
# It is not intended for manual editing.
version = 3

[[package]]
name = "separator"
version = "0.3.1"
source = "registry+https://github.com/rust-lang/crates.io-index"
checksum = "7acc4d818f952ed02e7911df5da8098c8b00a3c5ba2832e035a750b56e8fc32b"

[[package]]
name = "softwarechallenge-2022"
version = "0.1.0"
dependencies = [
 "separator",
 "thincollections",
]

[[package]]
name = "thincollections"
version = "0.5.3"
source = "registry+https://github.com/rust-lang/crates.io-index"
checksum = "b01816415080bff551717565adfcd5502469ce118170d1a469cdf9563ddafd41"
